
Microsoft Visual Studio Solution File, Format Version 12.00
# Visual Studio Version 17
VisualStudioVersion = 17.9.34723.18
MinimumVisualStudioVersion = 10.0.40219.1
Project("{2150E333-8FDC-42A3-9474-1A3956D46DE8}") = "Core", "Core", "{3CFAA5C4-AC34-4FFB-9F88-0DADA5DDD766}"
EndProject
Project("{2150E333-8FDC-42A3-9474-1A3956D46DE8}") = "Infrastructure", "Infrastructure", "{8B47CE56-2BF6-4767-972D-61A27CDBED90}"
EndProject
Project("{2150E333-8FDC-42A3-9474-1A3956D46DE8}") = "Presentation", "Presentation", "{00A2D257-3788-4803-BB56-C9EEBC6C3213}"
EndProject
Project("{FAE04EC0-301F-11D3-BF4B-00C04F79EFBC}") = "Ease.CodeChallenge.Domain", "Ease.CodeChallenge.Domain\Ease.CodeChallenge.Domain.csproj", "{D2771B91-CE05-4517-940B-03B8096556A7}"
EndProject
Project("{FAE04EC0-301F-11D3-BF4B-00C04F79EFBC}") = "Ease.CodeChallenge.Application", "Ease.CodeChallenge.Application\Ease.CodeChallenge.Application.csproj", "{C6EAA8E2-DF2B-48BB-91D4-7102A270258D}"
EndProject
Project("{FAE04EC0-301F-11D3-BF4B-00C04F79EFBC}") = "Ease.CodeChallenge.Infrastructure", "Ease.CodeChallenge.Infrastructure\Ease.CodeChallenge.Infrastructure.csproj", "{5FD9AD8C-9AF2-4F75-8D65-E3F3D6A2FCCD}"
EndProject
Project("{FAE04EC0-301F-11D3-BF4B-00C04F79EFBC}") = "Ease.CodeChallenge.API", "Ease.CodeChallenge.API\Ease.CodeChallenge.API.csproj", "{4E76FFDD-0FB3-4AF8-8EA2-0DFF3A4FD477}"
EndProject
Project("{FAE04EC0-301F-11D3-BF4B-00C04F79EFBC}") = "Ease.CodeChallenge.Client", "Ease.CodeChallenge.Client\Ease.CodeChallenge.Client.csproj", "{1BF69EBA-D3CF-4EBE-9CF3-4C0E3C9EB10F}"
EndProject
Global
	GlobalSection(SolutionConfigurationPlatforms) = preSolution
		Debug|Any CPU = Debug|Any CPU
		Release|Any CPU = Release|Any CPU
	EndGlobalSection
	GlobalSection(ProjectConfigurationPlatforms) = postSolution
		{D2771B91-CE05-4517-940B-03B8096556A7}.Debug|Any CPU.ActiveCfg = Debug|Any CPU
		{D2771B91-CE05-4517-940B-03B8096556A7}.Debug|Any CPU.Build.0 = Debug|Any CPU
		{D2771B91-CE05-4517-940B-03B8096556A7}.Release|Any CPU.ActiveCfg = Release|Any CPU
		{D2771B91-CE05-4517-940B-03B8096556A7}.Release|Any CPU.Build.0 = Release|Any CPU
		{C6EAA8E2-DF2B-48BB-91D4-7102A270258D}.Debug|Any CPU.ActiveCfg = Debug|Any CPU
		{C6EAA8E2-DF2B-48BB-91D4-7102A270258D}.Debug|Any CPU.Build.0 = Debug|Any CPU
		{C6EAA8E2-DF2B-48BB-91D4-7102A270258D}.Release|Any CPU.ActiveCfg = Release|Any CPU
		{C6EAA8E2-DF2B-48BB-91D4-7102A270258D}.Release|Any CPU.Build.0 = Release|Any CPU
		{5FD9AD8C-9AF2-4F75-8D65-E3F3D6A2FCCD}.Debug|Any CPU.ActiveCfg = Debug|Any CPU
		{5FD9AD8C-9AF2-4F75-8D65-E3F3D6A2FCCD}.Debug|Any CPU.Build.0 = Debug|Any CPU
		{5FD9AD8C-9AF2-4F75-8D65-E3F3D6A2FCCD}.Release|Any CPU.ActiveCfg = Release|Any CPU
		{5FD9AD8C-9AF2-4F75-8D65-E3F3D6A2FCCD}.Release|Any CPU.Build.0 = Release|Any CPU
		{4E76FFDD-0FB3-4AF8-8EA2-0DFF3A4FD477}.Debug|Any CPU.ActiveCfg = Debug|Any CPU
		{4E76FFDD-0FB3-4AF8-8EA2-0DFF3A4FD477}.Debug|Any CPU.Build.0 = Debug|Any CPU
		{4E76FFDD-0FB3-4AF8-8EA2-0DFF3A4FD477}.Release|Any CPU.ActiveCfg = Release|Any CPU
		{4E76FFDD-0FB3-4AF8-8EA2-0DFF3A4FD477}.Release|Any CPU.Build.0 = Release|Any CPU
		{1BF69EBA-D3CF-4EBE-9CF3-4C0E3C9EB10F}.Debug|Any CPU.ActiveCfg = Debug|Any CPU
		{1BF69EBA-D3CF-4EBE-9CF3-4C0E3C9EB10F}.Debug|Any CPU.Build.0 = Debug|Any CPU
		{1BF69EBA-D3CF-4EBE-9CF3-4C0E3C9EB10F}.Release|Any CPU.ActiveCfg = Release|Any CPU
		{1BF69EBA-D3CF-4EBE-9CF3-4C0E3C9EB10F}.Release|Any CPU.Build.0 = Release|Any CPU
	EndGlobalSection
	GlobalSection(SolutionProperties) = preSolution
		HideSolutionNode = FALSE
	EndGlobalSection
	GlobalSection(NestedProjects) = preSolution
		{D2771B91-CE05-4517-940B-03B8096556A7} = {3CFAA5C4-AC34-4FFB-9F88-0DADA5DDD766}
		{C6EAA8E2-DF2B-48BB-91D4-7102A270258D} = {3CFAA5C4-AC34-4FFB-9F88-0DADA5DDD766}
		{5FD9AD8C-9AF2-4F75-8D65-E3F3D6A2FCCD} = {8B47CE56-2BF6-4767-972D-61A27CDBED90}
		{4E76FFDD-0FB3-4AF8-8EA2-0DFF3A4FD477} = {00A2D257-3788-4803-BB56-C9EEBC6C3213}
		{1BF69EBA-D3CF-4EBE-9CF3-4C0E3C9EB10F} = {00A2D257-3788-4803-BB56-C9EEBC6C3213}
	EndGlobalSection
	GlobalSection(ExtensibilityGlobals) = postSolution
		SolutionGuid = {FF1CFEE2-47C9-42C5-B703-3D2A79C6C507}
	EndGlobalSection
EndGlobal
